PODS:
  - Downloader (0.1.2)
  - HelpfulExtensions (0.1.4)
  - LoadableImageView (0.1.0):
    - Downloader
    - HelpfulExtensions

DEPENDENCIES:
  - Downloader
  - HelpfulExtensions
  - LoadableImageView (from `../`)

SPEC REPOS:
  https://github.com/YuvarajIcon/PodSpecRepo:
    - Downloader
    - HelpfulExtensions

EXTERNAL SOURCES:
  LoadableImageView:
    :path: "../"

SPEC CHECKSUMS:
  Downloader: e3f1b5e4953fbdca5be1c71cad82251e3392ed50
  HelpfulExtensions: 8f471d014e44d54e9479cf303886a9853bb99570
  LoadableImageView: a70caaad3f894a63a529bd7e09ab21e41b28c456

PODFILE CHECKSUM: b13e58c219299cc270d9b188f7846d56a1f59e78

COCOAPODS: 1.11.3
